// !$*UTF8*$!
{
	archiveVersion = 1;
	classes = {
	};
	objectVersion = 48;
	objects = {

/* Begin PBXBuildFile section */
		15A5A2E220895B8300AE32AA /* AppDelegate.swift in Sources */ = {isa = PBXBuildFile; fileRef = 15A5A2E120895B8300AE32AA /* AppDelegate.swift */; };
		15A5A2E420895B8300AE32AA /* ViewController.swift in Sources */ = {isa = PBXBuildFile; fileRef = 15A5A2E320895B8300AE32AA /* ViewController.swift */; };
		15A5A2E720895B8300AE32AA /* Main.storyboard in Resources */ = {isa = PBXBuildFile; fileRef = 15A5A2E520895B8300AE32AA /* Main.storyboard */; };
		15A5A2E920895B8300AE32AA /* Assets.xcassets in Resources */ = {isa = PBXBuildFile; fileRef = 15A5A2E820895B8300AE32AA /* Assets.xcassets */; };
		15A5A2EC20895B8300AE32AA /* LaunchScreen.storyboard in Resources */ = {isa = PBXBuildFile; fileRef = 15A5A2EA20895B8300AE32AA /* LaunchScreen.storyboard */; };
		15A5A2F820896B9D00AE32AA /* MainCellTableViewCell.swift in Sources */ = {isa = PBXBuildFile; fileRef = 15A5A2F720896B9D00AE32AA /* MainCellTableViewCell.swift */; };
		15C0630F20A0F06B0018F906 /* DT.swift in Sources */ = {isa = PBXBuildFile; fileRef = 15C0630E20A0F06B0018F906 /* DT.swift */; };
		418BEA782094D1EF00600E57 /* MatchViewController.swift in Sources */ = {isa = PBXBuildFile; fileRef = 418BEA772094D1EF00600E57 /* MatchViewController.swift */; };
		418BEA7A2094D7BF00600E57 /* TimeToTimeATableViewCell.swift in Sources */ = {isa = PBXBuildFile; fileRef = 418BEA792094D7BF00600E57 /* TimeToTimeATableViewCell.swift */; };
		418BEA7C2094ED6D00600E57 /* TimeToTimeBTableViewCell.swift in Sources */ = {isa = PBXBuildFile; fileRef = 418BEA7B2094ED6D00600E57 /* TimeToTimeBTableViewCell.swift */; };
		418BEA7E2094F5A400600E57 /* TeamViewController.swift in Sources */ = {isa = PBXBuildFile; fileRef = 418BEA7D2094F5A400600E57 /* TeamViewController.swift */; };
		418BEA842094F81A00600E57 /* Match.swift in Sources */ = {isa = PBXBuildFile; fileRef = 418BEA7F2094F81900600E57 /* Match.swift */; };
		418BEA862094F81A00600E57 /* Country.swift in Sources */ = {isa = PBXBuildFile; fileRef = 418BEA812094F81A00600E57 /* Country.swift */; };
		418BEA872094F81A00600E57 /* Player.swift in Sources */ = {isa = PBXBuildFile; fileRef = 418BEA822094F81A00600E57 /* Player.swift */; };
		418BEA882094F81A00600E57 /* Stadium.swift in Sources */ = {isa = PBXBuildFile; fileRef = 418BEA832094F81A00600E57 /* Stadium.swift */; };
		418BEA8C20951F5B00600E57 /* PlayersTableViewCell.swift in Sources */ = {isa = PBXBuildFile; fileRef = 418BEA8B20951F5B00600E57 /* PlayersTableViewCell.swift */; };
		41E5D5AC209E42F800BE3FC0 /* DTTableViewCell.swift in Sources */ = {isa = PBXBuildFile; fileRef = 41E5D5AB209E42F800BE3FC0 /* DTTableViewCell.swift */; };
		41E5D5AE209E743F00BE3FC0 /* NextMatchesCollectionViewCell.swift in Sources */ = {isa = PBXBuildFile; fileRef = 41E5D5AD209E743F00BE3FC0 /* NextMatchesCollectionViewCell.swift */; };
		41FE13D1209FA78D0013C97F /* Event.swift in Sources */ = {isa = PBXBuildFile; fileRef = 41FE13D0209FA78D0013C97F /* Event.swift */; };
		41FE13D5209FB89B0013C97F /* MainClassData.swift in Sources */ = {isa = PBXBuildFile; fileRef = 41FE13D4209FB89B0013C97F /* MainClassData.swift */; };
/* End PBXBuildFile section */

/* Begin PBXFileReference section */
		15A5A2DE20895B8300AE32AA /* primerEtapaObligatorio.app */ = {isa = PBXFileReference; explicitFileType = wrapper.application; includeInIndex = 0; path = primerEtapaObligatorio.app; sourceTree = BUILT_PRODUCTS_DIR; };
		15A5A2E120895B8300AE32AA /* AppDelegate.swift */ = {isa = PBXFileReference; lastKnownFileType = sourcecode.swift; path = AppDelegate.swift; sourceTree = "<group>"; };
		15A5A2E320895B8300AE32AA /* ViewController.swift */ = {isa = PBXFileReference; lastKnownFileType = sourcecode.swift; path = ViewController.swift; sourceTree = "<group>"; };
		15A5A2E620895B8300AE32AA /* Base */ = {isa = PBXFileReference; lastKnownFileType = file.storyboard; name = Base; path = Base.lproj/Main.storyboard; sourceTree = "<group>"; };
		15A5A2E820895B8300AE32AA /* Assets.xcassets */ = {isa = PBXFileReference; lastKnownFileType = folder.assetcatalog; path = Assets.xcassets; sourceTree = "<group>"; };
		15A5A2EB20895B8300AE32AA /* Base */ = {isa = PBXFileReference; lastKnownFileType = file.storyboard; name = Base; path = Base.lproj/LaunchScreen.storyboard; sourceTree = "<group>"; };
		15A5A2ED20895B8300AE32AA /* Info.plist */ = {isa = PBXFileReference; lastKnownFileType = text.plist.xml; path = Info.plist; sourceTree = "<group>"; };
		15A5A2F720896B9D00AE32AA /* MainCellTableViewCell.swift */ = {isa = PBXFileReference; lastKnownFileType = sourcecode.swift; path = MainCellTableViewCell.swift; sourceTree = "<group>"; };
		15C0630E20A0F06B0018F906 /* DT.swift */ = {isa = PBXFileReference; fileEncoding = 4; lastKnownFileType = sourcecode.swift; path = DT.swift; sourceTree = "<group>"; };
		418BEA772094D1EF00600E57 /* MatchViewController.swift */ = {isa = PBXFileReference; lastKnownFileType = sourcecode.swift; path = MatchViewController.swift; sourceTree = "<group>"; };
		418BEA792094D7BF00600E57 /* TimeToTimeATableViewCell.swift */ = {isa = PBXFileReference; lastKnownFileType = sourcecode.swift; path = TimeToTimeATableViewCell.swift; sourceTree = "<group>"; };
		418BEA7B2094ED6D00600E57 /* TimeToTimeBTableViewCell.swift */ = {isa = PBXFileReference; lastKnownFileType = sourcecode.swift; path = TimeToTimeBTableViewCell.swift; sourceTree = "<group>"; };
		418BEA7D2094F5A400600E57 /* TeamViewController.swift */ = {isa = PBXFileReference; lastKnownFileType = sourcecode.swift; path = TeamViewController.swift; sourceTree = "<group>"; };
		418BEA7F2094F81900600E57 /* Match.swift */ = {isa = PBXFileReference; fileEncoding = 4; lastKnownFileType = sourcecode.swift; path = Match.swift; sourceTree = "<group>"; };
		418BEA812094F81A00600E57 /* Country.swift */ = {isa = PBXFileReference; fileEncoding = 4; lastKnownFileType = sourcecode.swift; path = Country.swift; sourceTree = "<group>"; };
		418BEA822094F81A00600E57 /* Player.swift */ = {isa = PBXFileReference; fileEncoding = 4; lastKnownFileType = sourcecode.swift; path = Player.swift; sourceTree = "<group>"; };
		418BEA832094F81A00600E57 /* Stadium.swift */ = {isa = PBXFileReference; fileEncoding = 4; lastKnownFileType = sourcecode.swift; path = Stadium.swift; sourceTree = "<group>"; };
		418BEA8B20951F5B00600E57 /* PlayersTableViewCell.swift */ = {isa = PBXFileReference; lastKnownFileType = sourcecode.swift; path = PlayersTableViewCell.swift; sourceTree = "<group>"; };
		41E5D5AB209E42F800BE3FC0 /* DTTableViewCell.swift */ = {isa = PBXFileReference; lastKnownFileType = sourcecode.swift; path = DTTableViewCell.swift; sourceTree = "<group>"; };
		41E5D5AD209E743F00BE3FC0 /* NextMatchesCollectionViewCell.swift */ = {isa = PBXFileReference; lastKnownFileType = sourcecode.swift; path = NextMatchesCollectionViewCell.swift; sourceTree = "<group>"; };
		41FE13D0209FA78D0013C97F /* Event.swift */ = {isa = PBXFileReference; lastKnownFileType = sourcecode.swift; path = Event.swift; sourceTree = "<group>"; };
		41FE13D4209FB89B0013C97F /* MainClassData.swift */ = {isa = PBXFileReference; lastKnownFileType = sourcecode.swift; path = MainClassData.swift; sourceTree = "<group>"; };
/* End PBXFileReference section */

/* Begin PBXFrameworksBuildPhase section */
		15A5A2DB20895B8300AE32AA /* Frameworks */ = {
			isa = PBXFrameworksBuildPhase;
			buildActionMask = 2147483647;
			files = (
			);
			runOnlyForDeploymentPostprocessing = 0;
		};
/* End PBXFrameworksBuildPhase section */

/* Begin PBXGroup section */
		15A5A2D520895B8300AE32AA = {
			isa = PBXGroup;
			children = (
				15A5A2E020895B8300AE32AA /* primerEtapaObligatorio */,
				15A5A2DF20895B8300AE32AA /* Products */,
			);
			sourceTree = "<group>";
		};
		15A5A2DF20895B8300AE32AA /* Products */ = {
			isa = PBXGroup;
			children = (
				15A5A2DE20895B8300AE32AA /* primerEtapaObligatorio.app */,
			);
			name = Products;
			sourceTree = "<group>";
		};
		15A5A2E020895B8300AE32AA /* primerEtapaObligatorio */ = {
			isa = PBXGroup;
			children = (
				15A5A2E120895B8300AE32AA /* AppDelegate.swift */,
				15A5A2E320895B8300AE32AA /* ViewController.swift */,
				418BEA772094D1EF00600E57 /* MatchViewController.swift */,
				418BEA7D2094F5A400600E57 /* TeamViewController.swift */,
				15A5A2E520895B8300AE32AA /* Main.storyboard */,
				15A5A2E820895B8300AE32AA /* Assets.xcassets */,
				15A5A2EA20895B8300AE32AA /* LaunchScreen.storyboard */,
				15A5A2ED20895B8300AE32AA /* Info.plist */,
				15A5A2F720896B9D00AE32AA /* MainCellTableViewCell.swift */,
				418BEA792094D7BF00600E57 /* TimeToTimeATableViewCell.swift */,
				418BEA7B2094ED6D00600E57 /* TimeToTimeBTableViewCell.swift */,
				41E5D5AD209E743F00BE3FC0 /* NextMatchesCollectionViewCell.swift */,
				41E5D5AB209E42F800BE3FC0 /* DTTableViewCell.swift */,
				418BEA8B20951F5B00600E57 /* PlayersTableViewCell.swift */,
				418BEA812094F81A00600E57 /* Country.swift */,
				15C0630E20A0F06B0018F906 /* DT.swift */,
				418BEA822094F81A00600E57 /* Player.swift */,
				418BEA832094F81A00600E57 /* Stadium.swift */,
				418BEA7F2094F81900600E57 /* Match.swift */,
				41FE13D0209FA78D0013C97F /* Event.swift */,
				41FE13D4209FB89B0013C97F /* MainClassData.swift */,
			);
			path = primerEtapaObligatorio;
			sourceTree = "<group>";
		};
/* End PBXGroup section */

/* Begin PBXNativeTarget section */
		15A5A2DD20895B8300AE32AA /* primerEtapaObligatorio */ = {
			isa = PBXNativeTarget;
			buildConfigurationList = 15A5A2F020895B8300AE32AA /* Build configuration list for PBXNativeTarget "primerEtapaObligatorio" */;
			buildPhases = (
				15A5A2DA20895B8300AE32AA /* Sources */,
				15A5A2DB20895B8300AE32AA /* Frameworks */,
				15A5A2DC20895B8300AE32AA /* Resources */,
			);
			buildRules = (
			);
			dependencies = (
			);
			name = primerEtapaObligatorio;
			productName = primerEtapaObligatorio;
			productReference = 15A5A2DE20895B8300AE32AA /* primerEtapaObligatorio.app */;
			productType = "com.apple.product-type.application";
		};
/* End PBXNativeTarget section */

/* Begin PBXProject section */
		15A5A2D620895B8300AE32AA /* Project object */ = {
			isa = PBXProject;
			attributes = {
				LastSwiftUpdateCheck = 0920;
				LastUpgradeCheck = 0920;
				ORGANIZATIONNAME = UCUDAL;
				TargetAttributes = {
					15A5A2DD20895B8300AE32AA = {
						CreatedOnToolsVersion = 9.2;
						ProvisioningStyle = Automatic;
					};
				};
			};
			buildConfigurationList = 15A5A2D920895B8300AE32AA /* Build configuration list for PBXProject "primerEtapaObligatorio" */;
			compatibilityVersion = "Xcode 8.0";
			developmentRegion = en;
			hasScannedForEncodings = 0;
			knownRegions = (
				en,
				Base,
			);
			mainGroup = 15A5A2D520895B8300AE32AA;
			productRefGroup = 15A5A2DF20895B8300AE32AA /* Products */;
			projectDirPath = "";
			projectRoot = "";
			targets = (
				15A5A2DD20895B8300AE32AA /* primerEtapaObligatorio */,
			);
		};
/* End PBXProject section */

/* Begin PBXResourcesBuildPhase section */
		15A5A2DC20895B8300AE32AA /* Resources */ = {
			isa = PBXResourcesBuildPhase;
			buildActionMask = 2147483647;
			files = (
				15A5A2EC20895B8300AE32AA /* LaunchScreen.storyboard in Resources */,
				15A5A2E920895B8300AE32AA /* Assets.xcassets in Resources */,
				15A5A2E720895B8300AE32AA /* Main.storyboard in Resources */,
			);
			runOnlyForDeploymentPostprocessing = 0;
		};
/* End PBXResourcesBuildPhase section */

/* Begin PBXSourcesBuildPhase section */
		15A5A2DA20895B8300AE32AA /* Sources */ = {
			isa = PBXSourcesBuildPhase;
			buildActionMask = 2147483647;
			files = (
				418BEA872094F81A00600E57 /* Player.swift in Sources */,
				41E5D5AE209E743F00BE3FC0 /* NextMatchesCollectionViewCell.swift in Sources */,
				41FE13D5209FB89B0013C97F /* MainClassData.swift in Sources */,
				418BEA782094D1EF00600E57 /* MatchViewController.swift in Sources */,
				418BEA7C2094ED6D00600E57 /* TimeToTimeBTableViewCell.swift in Sources */,
				15A5A2E420895B8300AE32AA /* ViewController.swift in Sources */,
				418BEA842094F81A00600E57 /* Match.swift in Sources */,
				15A5A2E220895B8300AE32AA /* AppDelegate.swift in Sources */,
				41FE13D1209FA78D0013C97F /* Event.swift in Sources */,
				418BEA882094F81A00600E57 /* Stadium.swift in Sources */,
				15C0630F20A0F06B0018F906 /* DT.swift in Sources */,
				418BEA7A2094D7BF00600E57 /* TimeToTimeATableViewCell.swift in Sources */,
				418BEA8C20951F5B00600E57 /* PlayersTableViewCell.swift in Sources */,
				15A5A2F820896B9D00AE32AA /* MainCellTableViewCell.swift in Sources */,
				418BEA862094F81A00600E57 /* Country.swift in Sources */,
				418BEA7E2094F5A400600E57 /* TeamViewController.swift in Sources */,
				41E5D5AC209E42F800BE3FC0 /* DTTableViewCell.swift in Sources */,
			);
			runOnlyForDeploymentPostprocessing = 0;
		};
/* End PBXSourcesBuildPhase section */

/* Begin PBXVariantGroup section */
		15A5A2E520895B8300AE32AA /* Main.storyboard */ = {
			isa = PBXVariantGroup;
			children = (
				15A5A2E620895B8300AE32AA /* Base */,
			);
			name = Main.storyboard;
			sourceTree = "<group>";
		};
		15A5A2EA20895B8300AE32AA /* LaunchScreen.storyboard */ = {
			isa = PBXVariantGroup;
			children = (
				15A5A2EB20895B8300AE32AA /* Base */,
			);
			name = LaunchScreen.storyboard;
			sourceTree = "<group>";
		};
/* End PBXVariantGroup section */

/* Begin XCBuildConfiguration section */
		15A5A2EE20895B8300AE32AA /* Debug */ = {
			isa = XCBuildConfiguration;
			buildSettings = {
				ALWAYS_SEARCH_USER_PATHS = NO;
				CLANG_ANALYZER_NONNULL = YES;
				CLANG_ANALYZER_NUMBER_OBJECT_CONVERSION = YES_AGGRESSIVE;
				CLANG_CXX_LANGUAGE_STANDARD = "gnu++14";
				CLANG_CXX_LIBRARY = "libc++";
				CLANG_ENABLE_MODULES = YES;
				CLANG_ENABLE_OBJC_ARC = YES;
				CLANG_WARN_BLOCK_CAPTURE_AUTORELEASING = YES;
				CLANG_WARN_BOOL_CONVERSION = YES;
				CLANG_WARN_COMMA = YES;
				CLANG_WARN_CONSTANT_CONVERSION = YES;
				CLANG_WARN_DIRECT_OBJC_ISA_USAGE = YES_ERROR;
				CLANG_WARN_DOCUMENTATION_COMMENTS = YES;
				CLANG_WARN_EMPTY_BODY = YES;
				CLANG_WARN_ENUM_CONVERSION = YES;
				CLANG_WARN_INFINITE_RECURSION = YES;
				CLANG_WARN_INT_CONVERSION = YES;
				CLANG_WARN_NON_LITERAL_NULL_CONVERSION = YES;
				CLANG_WARN_OBJC_LITERAL_CONVERSION = YES;
				CLANG_WARN_OBJC_ROOT_CLASS = YES_ERROR;
				CLANG_WARN_RANGE_LOOP_ANALYSIS = YES;
				CLANG_WARN_STRICT_PROTOTYPES = YES;
				CLANG_WARN_SUSPICIOUS_MOVE = YES;
				CLANG_WARN_UNGUARDED_AVAILABILITY = YES_AGGRESSIVE;
				CLANG_WARN_UNREACHABLE_CODE = YES;
				CLANG_WARN__DUPLICATE_METHOD_MATCH = YES;
				CODE_SIGN_IDENTITY = "iPhone Developer";
				COPY_PHASE_STRIP = NO;
				DEBUG_INFORMATION_FORMAT = dwarf;
				ENABLE_STRICT_OBJC_MSGSEND = YES;
				ENABLE_TESTABILITY = YES;
				GCC_C_LANGUAGE_STANDARD = gnu11;
				GCC_DYNAMIC_NO_PIC = NO;
				GCC_NO_COMMON_BLOCKS = YES;
				GCC_OPTIMIZATION_LEVEL = 0;
				GCC_PREPROCESSOR_DEFINITIONS = (
					"DEBUG=1",
					"$(inherited)",
				);
				GCC_WARN_64_TO_32_BIT_CONVERSION = YES;
				GCC_WARN_ABOUT_RETURN_TYPE = YES_ERROR;
				GCC_WARN_UNDECLARED_SELECTOR = YES;
				GCC_WARN_UNINITIALIZED_AUTOS = YES_AGGRESSIVE;
				GCC_WARN_UNUSED_FUNCTION = YES;
				GCC_WARN_UNUSED_VARIABLE = YES;
				IPHONEOS_DEPLOYMENT_TARGET = 11.2;
				MTL_ENABLE_DEBUG_INFO = YES;
				ONLY_ACTIVE_ARCH = YES;
				SDKROOT = iphoneos;
				SWIFT_ACTIVE_COMPILATION_CONDITIONS = DEBUG;
				SWIFT_OPTIMIZATION_LEVEL = "-Onone";
			};
			name = Debug;
		};
		15A5A2EF20895B8300AE32AA /* Release */ = {
			isa = XCBuildConfiguration;
			buildSettings = {
				ALWAYS_SEARCH_USER_PATHS = NO;
				CLANG_ANALYZER_NONNULL = YES;
				CLANG_ANALYZER_NUMBER_OBJECT_CONVERSION = YES_AGGRESSIVE;
				CLANG_CXX_LANGUAGE_STANDARD = "gnu++14";
				CLANG_CXX_LIBRARY = "libc++";
				CLANG_ENABLE_MODULES = YES;
				CLANG_ENABLE_OBJC_ARC = YES;
				CLANG_WARN_BLOCK_CAPTURE_AUTORELEASING = YES;
				CLANG_WARN_BOOL_CONVERSION = YES;
				CLANG_WARN_COMMA = YES;
				CLANG_WARN_CONSTANT_CONVERSION = YES;
				CLANG_WARN_DIRECT_OBJC_ISA_USAGE = YES_ERROR;
				CLANG_WARN_DOCUMENTATION_COMMENTS = YES;
				CLANG_WARN_EMPTY_BODY = YES;
				CLANG_WARN_ENUM_CONVERSION = YES;
				CLANG_WARN_INFINITE_RECURSION = YES;
				CLANG_WARN_INT_CONVERSION = YES;
				CLANG_WARN_NON_LITERAL_NULL_CONVERSION = YES;
				CLANG_WARN_OBJC_LITERAL_CONVERSION = YES;
				CLANG_WARN_OBJC_ROOT_CLASS = YES_ERROR;
				CLANG_WARN_RANGE_LOOP_ANALYSIS = YES;
				CLANG_WARN_STRICT_PROTOTYPES = YES;
				CLANG_WARN_SUSPICIOUS_MOVE = YES;
				CLANG_WARN_UNGUARDED_AVAILABILITY = YES_AGGRESSIVE;
				CLANG_WARN_UNREACHABLE_CODE = YES;
				CLANG_WARN__DUPLICATE_METHOD_MATCH = YES;
				CODE_SIGN_IDENTITY = "iPhone Developer";
				COPY_PHASE_STRIP = NO;
				DEBUG_INFORMATION_FORMAT = "dwarf-with-dsym";
				ENABLE_NS_ASSERTIONS = NO;
				ENABLE_STRICT_OBJC_MSGSEND = YES;
				GCC_C_LANGUAGE_STANDARD = gnu11;
				GCC_NO_COMMON_BLOCKS = YES;
				GCC_WARN_64_TO_32_BIT_CONVERSION = YES;
				GCC_WARN_ABOUT_RETURN_TYPE = YES_ERROR;
				GCC_WARN_UNDECLARED_SELECTOR = YES;
				GCC_WARN_UNINITIALIZED_AUTOS = YES_AGGRESSIVE;
				GCC_WARN_UNUSED_FUNCTION = YES;
				GCC_WARN_UNUSED_VARIABLE = YES;
				IPHONEOS_DEPLOYMENT_TARGET = 11.2;
				MTL_ENABLE_DEBUG_INFO = NO;
				SDKROOT = iphoneos;
				SWIFT_OPTIMIZATION_LEVEL = "-Owholemodule";
				VALIDATE_PRODUCT = YES;
			};
			name = Release;
		};
		15A5A2F120895B8300AE32AA /* Debug */ = {
			isa = XCBuildConfiguration;
			buildSettings = {
				ASSETCATALOG_COMPILER_APPICON_NAME = AppIcon;
				CODE_SIGN_STYLE = Automatic;
				INFOPLIST_FILE = primerEtapaObligatorio/Info.plist;
				LD_RUNPATH_SEARCH_PATHS = "$(inherited) @executable_path/Frameworks";
				PRODUCT_BUNDLE_IDENTIFIER = ucu.primerEtapaObligatorio;
				PRODUCT_NAME = "$(TARGET_NAME)";
				SWIFT_VERSION = 4.0;
				TARGETED_DEVICE_FAMILY = "1,2";
			};
			name = Debug;
		};
		15A5A2F220895B8300AE32AA /* Release */ = {
			isa = XCBuildConfiguration;
			buildSettings = {
				ASSETCATALOG_COMPILER_APPICON_NAME = AppIcon;
				CODE_SIGN_STYLE = Automatic;
				INFOPLIST_FILE = primerEtapaObligatorio/Info.plist;
				LD_RUNPATH_SEARCH_PATHS = "$(inherited) @executable_path/Frameworks";
				PRODUCT_BUNDLE_IDENTIFIER = ucu.primerEtapaObligatorio;
				PRODUCT_NAME = "$(TARGET_NAME)";
				SWIFT_VERSION = 4.0;
				TARGETED_DEVICE_FAMILY = "1,2";
			};
			name = Release;
		};
/* End XCBuildConfiguration section */

/* Begin XCConfigurationList section */
		15A5A2D920895B8300AE32AA /* Build configuration list for PBXProject "primerEtapaObligatorio" */ = {
			isa = XCConfigurationList;
			buildConfigurations = (
				15A5A2EE20895B8300AE32AA /* Debug */,
				15A5A2EF20895B8300AE32AA /* Release */,
			);
			defaultConfigurationIsVisible = 0;
			defaultConfigurationName = Release;
		};
		15A5A2F020895B8300AE32AA /* Build configuration list for PBXNativeTarget "primerEtapaObligatorio" */ = {
			isa = XCConfigurationList;
			buildConfigurations = (
				15A5A2F120895B8300AE32AA /* Debug */,
				15A5A2F220895B8300AE32AA /* Release */,
			);
			defaultConfigurationIsVisible = 0;
			defaultConfigurationName = Release;
		};
/* End XCConfigurationList section */
	};
	rootObject = 15A5A2D620895B8300AE32AA /* Project object */;
}
